
Microsoft Visual Studio Solution File, Format Version 12.00
Project("{2150E333-8FDC-42A3-9474-1A3956D46DE8}") = "src", "src", "{C19CA3B6-8ECC-43D2-8C81-D5B62B18ACFA}"
EndProject
Project("{2150E333-8FDC-42A3-9474-1A3956D46DE8}") = "common", "common", "{80469E7E-146F-424E-A69F-077E7E7FBAED}"
EndProject
Project("{2150E333-8FDC-42A3-9474-1A3956D46DE8}") = "core", "core", "{C6606AD4-627C-40E0-ACC7-8967C37EE2B2}"
EndProject
Project("{2150E333-8FDC-42A3-9474-1A3956D46DE8}") = "infrastucture", "infrastucture", "{E3F7E6C3-7927-463A-A825-320C21AC7952}"
EndProject
Project("{2150E333-8FDC-42A3-9474-1A3956D46DE8}") = "persistence", "persistence", "{3BE929C5-1923-4291-9336-226D7D44EABA}"
EndProject
Project("{2150E333-8FDC-42A3-9474-1A3956D46DE8}") = "presentation", "presentation", "{550B5BEA-3DB7-43FE-AE20-148EE78812C5}"
EndProject
Project("{FAE04EC0-301F-11D3-BF4B-00C04F79EFBC}") = "Butterfly.Account.Domain", "Butterfly.Account.Domain\Butterfly.Account.Domain.csproj", "{A3E0FCD2-30EF-4F9C-9B2B-9B9AE8E3F9E9}"
EndProject
Project("{FAE04EC0-301F-11D3-BF4B-00C04F79EFBC}") = "Butterfly.Account.Common", "Butterfly.Account.Common\Butterfly.Account.Common.csproj", "{6F49486B-B36A-4394-9669-CA5E324E09CE}"
EndProject
Project("{FAE04EC0-301F-11D3-BF4B-00C04F79EFBC}") = "Butterfly.Account.Application", "Butterfly.Account.Application\Butterfly.Account.Application.csproj", "{08984B6F-EF44-45C6-9643-98884E73120F}"
EndProject
Project("{FAE04EC0-301F-11D3-BF4B-00C04F79EFBC}") = "Butterfly.Account.Infrastucture", "Butterfly.Account.Infrastucture\Butterfly.Account.Infrastucture.csproj", "{DA93B5FF-BA85-4C4F-8A71-403366361F36}"
EndProject
Project("{FAE04EC0-301F-11D3-BF4B-00C04F79EFBC}") = "Butterfly.Account.Persistence", "Butterfly.Account.Persistence\Butterfly.Account.Persistence.csproj", "{8DA7B762-32E1-4595-88F8-F3C8BA60B094}"
EndProject
Project("{FAE04EC0-301F-11D3-BF4B-00C04F79EFBC}") = "Butterfly.Account.Host", "Butterfly.Account.Host\Butterfly.Account.Host.csproj", "{25A35239-822C-4EF0-9980-DE998DBC8F4D}"
EndProject
Global
	GlobalSection(SolutionConfigurationPlatforms) = preSolution
		Debug|Any CPU = Debug|Any CPU
		Release|Any CPU = Release|Any CPU
	EndGlobalSection
	GlobalSection(ProjectConfigurationPlatforms) = postSolution
		{A3E0FCD2-30EF-4F9C-9B2B-9B9AE8E3F9E9}.Debug|Any CPU.ActiveCfg = Debug|Any CPU
		{A3E0FCD2-30EF-4F9C-9B2B-9B9AE8E3F9E9}.Debug|Any CPU.Build.0 = Debug|Any CPU
		{A3E0FCD2-30EF-4F9C-9B2B-9B9AE8E3F9E9}.Release|Any CPU.ActiveCfg = Release|Any CPU
		{A3E0FCD2-30EF-4F9C-9B2B-9B9AE8E3F9E9}.Release|Any CPU.Build.0 = Release|Any CPU
		{6F49486B-B36A-4394-9669-CA5E324E09CE}.Debug|Any CPU.ActiveCfg = Debug|Any CPU
		{6F49486B-B36A-4394-9669-CA5E324E09CE}.Debug|Any CPU.Build.0 = Debug|Any CPU
		{6F49486B-B36A-4394-9669-CA5E324E09CE}.Release|Any CPU.ActiveCfg = Release|Any CPU
		{6F49486B-B36A-4394-9669-CA5E324E09CE}.Release|Any CPU.Build.0 = Release|Any CPU
		{08984B6F-EF44-45C6-9643-98884E73120F}.Debug|Any CPU.ActiveCfg = Debug|Any CPU
		{08984B6F-EF44-45C6-9643-98884E73120F}.Debug|Any CPU.Build.0 = Debug|Any CPU
		{08984B6F-EF44-45C6-9643-98884E73120F}.Release|Any CPU.ActiveCfg = Release|Any CPU
		{08984B6F-EF44-45C6-9643-98884E73120F}.Release|Any CPU.Build.0 = Release|Any CPU
		{DA93B5FF-BA85-4C4F-8A71-403366361F36}.Debug|Any CPU.ActiveCfg = Debug|Any CPU
		{DA93B5FF-BA85-4C4F-8A71-403366361F36}.Debug|Any CPU.Build.0 = Debug|Any CPU
		{DA93B5FF-BA85-4C4F-8A71-403366361F36}.Release|Any CPU.ActiveCfg = Release|Any CPU
		{DA93B5FF-BA85-4C4F-8A71-403366361F36}.Release|Any CPU.Build.0 = Release|Any CPU
		{8DA7B762-32E1-4595-88F8-F3C8BA60B094}.Debug|Any CPU.ActiveCfg = Debug|Any CPU
		{8DA7B762-32E1-4595-88F8-F3C8BA60B094}.Debug|Any CPU.Build.0 = Debug|Any CPU
		{8DA7B762-32E1-4595-88F8-F3C8BA60B094}.Release|Any CPU.ActiveCfg = Release|Any CPU
		{8DA7B762-32E1-4595-88F8-F3C8BA60B094}.Release|Any CPU.Build.0 = Release|Any CPU
		{25A35239-822C-4EF0-9980-DE998DBC8F4D}.Debug|Any CPU.ActiveCfg = Debug|Any CPU
		{25A35239-822C-4EF0-9980-DE998DBC8F4D}.Debug|Any CPU.Build.0 = Debug|Any CPU
		{25A35239-822C-4EF0-9980-DE998DBC8F4D}.Release|Any CPU.ActiveCfg = Release|Any CPU
		{25A35239-822C-4EF0-9980-DE998DBC8F4D}.Release|Any CPU.Build.0 = Release|Any CPU
	EndGlobalSection
	GlobalSection(NestedProjects) = preSolution
		{80469E7E-146F-424E-A69F-077E7E7FBAED} = {C19CA3B6-8ECC-43D2-8C81-D5B62B18ACFA}
		{C6606AD4-627C-40E0-ACC7-8967C37EE2B2} = {C19CA3B6-8ECC-43D2-8C81-D5B62B18ACFA}
		{E3F7E6C3-7927-463A-A825-320C21AC7952} = {C19CA3B6-8ECC-43D2-8C81-D5B62B18ACFA}
		{3BE929C5-1923-4291-9336-226D7D44EABA} = {C19CA3B6-8ECC-43D2-8C81-D5B62B18ACFA}
		{550B5BEA-3DB7-43FE-AE20-148EE78812C5} = {C19CA3B6-8ECC-43D2-8C81-D5B62B18ACFA}
		{A3E0FCD2-30EF-4F9C-9B2B-9B9AE8E3F9E9} = {C6606AD4-627C-40E0-ACC7-8967C37EE2B2}
		{6F49486B-B36A-4394-9669-CA5E324E09CE} = {80469E7E-146F-424E-A69F-077E7E7FBAED}
		{08984B6F-EF44-45C6-9643-98884E73120F} = {C6606AD4-627C-40E0-ACC7-8967C37EE2B2}
		{DA93B5FF-BA85-4C4F-8A71-403366361F36} = {E3F7E6C3-7927-463A-A825-320C21AC7952}
		{8DA7B762-32E1-4595-88F8-F3C8BA60B094} = {3BE929C5-1923-4291-9336-226D7D44EABA}
		{25A35239-822C-4EF0-9980-DE998DBC8F4D} = {550B5BEA-3DB7-43FE-AE20-148EE78812C5}
	EndGlobalSection
EndGlobal
